// !$*UTF8*$!
{
	archiveVersion = 1;
	classes = {
	};
	objectVersion = 48;
	objects = {

/* Begin PBXBuildFile section */
		AC794EDCF0C1306426E2A7BD /* Pods_InCheck.framework in Frameworks */ = {isa = PBXBuildFile; fileRef = 07F1A13BA2614018F9727EA3 /* Pods_InCheck.framework */; };
		D87233AC1F0AFAEA00B2A9B1 /* AppDelegate.swift in Sources */ = {isa = PBXBuildFile; fileRef = D87233AB1F0AFAEA00B2A9B1 /* AppDelegate.swift */; };
		D87233B41F0AFAEA00B2A9B1 /* InCheck.xcdatamodeld in Sources */ = {isa = PBXBuildFile; fileRef = D87233B21F0AFAEA00B2A9B1 /* InCheck.xcdatamodeld */; };
		D87233B61F0AFAEA00B2A9B1 /* Assets.xcassets in Resources */ = {isa = PBXBuildFile; fileRef = D87233B51F0AFAEA00B2A9B1 /* Assets.xcassets */; };
		D87233B91F0AFAEA00B2A9B1 /* LaunchScreen.storyboard in Resources */ = {isa = PBXBuildFile; fileRef = D87233B71F0AFAEA00B2A9B1 /* LaunchScreen.storyboard */; };
		D899D67C1F12C6C600CF19A5 /* ICLoginViewController.xib in Resources */ = {isa = PBXBuildFile; fileRef = D899D67B1F12C6C600CF19A5 /* ICLoginViewController.xib */; };
		D8CC6A681F1478470082EE7A /* ICLoginViewController.swift in Sources */ = {isa = PBXBuildFile; fileRef = D8CC6A671F1478470082EE7A /* ICLoginViewController.swift */; };
		D8CC6A6A1F15A2B40082EE7A /* ICSignUpViewController.xib in Resources */ = {isa = PBXBuildFile; fileRef = D8CC6A691F15A2B40082EE7A /* ICSignUpViewController.xib */; };
		D8CC6A6C1F15A2D10082EE7A /* ICSignUpViewController.swift in Sources */ = {isa = PBXBuildFile; fileRef = D8CC6A6B1F15A2D10082EE7A /* ICSignUpViewController.swift */; };
		D8EE10021F27072900144C26 /* ICLoginRealmModel.swift in Sources */ = {isa = PBXBuildFile; fileRef = D8EE10011F27072900144C26 /* ICLoginRealmModel.swift */; };
		D8EE10041F270A6200144C26 /* ICRegisterRealmModel.swift in Sources */ = {isa = PBXBuildFile; fileRef = D8EE10031F270A6200144C26 /* ICRegisterRealmModel.swift */; };
/* End PBXBuildFile section */

/* Begin PBXFileReference section */
		074D2AF51F415B9D09C17A52 /* Pods-InCheck.release.xcconfig */ = {isa = PBXFileReference; includeInIndex = 1; lastKnownFileType = text.xcconfig; name = "Pods-InCheck.release.xcconfig"; path = "Pods/Target Support Files/Pods-InCheck/Pods-InCheck.release.xcconfig"; sourceTree = "<group>"; };
		07F1A13BA2614018F9727EA3 /* Pods_InCheck.framework */ = {isa = PBXFileReference; explicitFileType = wrapper.framework; includeInIndex = 0; path = Pods_InCheck.framework; sourceTree = BUILT_PRODUCTS_DIR; };
		59D37DEB9F10A3B24463CEB9 /* Pods-InCheck.debug.xcconfig */ = {isa = PBXFileReference; includeInIndex = 1; lastKnownFileType = text.xcconfig; name = "Pods-InCheck.debug.xcconfig"; path = "Pods/Target Support Files/Pods-InCheck/Pods-InCheck.debug.xcconfig"; sourceTree = "<group>"; };
		D87233A81F0AFAEA00B2A9B1 /* InCheck.app */ = {isa = PBXFileReference; explicitFileType = wrapper.application; includeInIndex = 0; path = InCheck.app; sourceTree = BUILT_PRODUCTS_DIR; };
		D87233AB1F0AFAEA00B2A9B1 /* AppDelegate.swift */ = {isa = PBXFileReference; lastKnownFileType = sourcecode.swift; path = AppDelegate.swift; sourceTree = "<group>"; };
		D87233B31F0AFAEA00B2A9B1 /* InCheck.xcdatamodel */ = {isa = PBXFileReference; lastKnownFileType = wrapper.xcdatamodel; path = InCheck.xcdatamodel; sourceTree = "<group>"; };
		D87233B51F0AFAEA00B2A9B1 /* Assets.xcassets */ = {isa = PBXFileReference; lastKnownFileType = folder.assetcatalog; path = Assets.xcassets; sourceTree = "<group>"; };
		D87233B81F0AFAEA00B2A9B1 /* Base */ = {isa = PBXFileReference; lastKnownFileType = file.storyboard; name = Base; path = Base.lproj/LaunchScreen.storyboard; sourceTree = "<group>"; };
		D87233BA1F0AFAEA00B2A9B1 /* Info.plist */ = {isa = PBXFileReference; lastKnownFileType = text.plist.xml; path = Info.plist; sourceTree = "<group>"; };
		D899D67B1F12C6C600CF19A5 /* ICLoginViewController.xib */ = {isa = PBXFileReference; lastKnownFileType = file.xib; path = ICLoginViewController.xib; sourceTree = "<group>"; };
		D899D67D1F12CEDE00CF19A5 /* InCheck.entitlements */ = {isa = PBXFileReference; lastKnownFileType = text.plist.entitlements; path = InCheck.entitlements; sourceTree = "<group>"; };
		D8CC6A671F1478470082EE7A /* ICLoginViewController.swift */ = {isa = PBXFileReference; fileEncoding = 4; lastKnownFileType = sourcecode.swift; path = ICLoginViewController.swift; sourceTree = "<group>"; };
		D8CC6A691F15A2B40082EE7A /* ICSignUpViewController.xib */ = {isa = PBXFileReference; fileEncoding = 4; lastKnownFileType = file.xib; path = ICSignUpViewController.xib; sourceTree = "<group>"; };
		D8CC6A6B1F15A2D10082EE7A /* ICSignUpViewController.swift */ = {isa = PBXFileReference; fileEncoding = 4; lastKnownFileType = sourcecode.swift; path = ICSignUpViewController.swift; sourceTree = "<group>"; };
		D8EE10011F27072900144C26 /* ICLoginRealmModel.swift */ = {isa = PBXFileReference; lastKnownFileType = sourcecode.swift; path = ICLoginRealmModel.swift; sourceTree = "<group>"; };
		D8EE10031F270A6200144C26 /* ICRegisterRealmModel.swift */ = {isa = PBXFileReference; lastKnownFileType = sourcecode.swift; path = ICRegisterRealmModel.swift; sourceTree = "<group>"; };
/* End PBXFileReference section */

/* Begin PBXFrameworksBuildPhase section */
		D87233A51F0AFAEA00B2A9B1 /* Frameworks */ = {
			isa = PBXFrameworksBuildPhase;
			buildActionMask = 2147483647;
			files = (
				AC794EDCF0C1306426E2A7BD /* Pods_InCheck.framework in Frameworks */,
			);
			runOnlyForDeploymentPostprocessing = 0;
		};
/* End PBXFrameworksBuildPhase section */

/* Begin PBXGroup section */
		200127C839B6FFCE0528DEEB /* Frameworks */ = {
			isa = PBXGroup;
			children = (
				07F1A13BA2614018F9727EA3 /* Pods_InCheck.framework */,
			);
			name = Frameworks;
			sourceTree = "<group>";
		};
		D872339F1F0AFAEA00B2A9B1 = {
			isa = PBXGroup;
			children = (
				D87233AA1F0AFAEA00B2A9B1 /* InCheck */,
				D87233A91F0AFAEA00B2A9B1 /* Products */,
				F96392F6DF9CFFB48B3EBBDC /* Pods */,
				200127C839B6FFCE0528DEEB /* Frameworks */,
			);
			sourceTree = "<group>";
		};
		D87233A91F0AFAEA00B2A9B1 /* Products */ = {
			isa = PBXGroup;
			children = (
				D87233A81F0AFAEA00B2A9B1 /* InCheck.app */,
			);
			name = Products;
			sourceTree = "<group>";
		};
		D87233AA1F0AFAEA00B2A9B1 /* InCheck */ = {
			isa = PBXGroup;
			children = (
				D8EC6D0C1F12BD0600909A73 /* Code */,
				D8EC6D0A1F12BCBC00909A73 /* Resources */,
				D8EC6D101F12BDC400909A73 /* Support */,
			);
			path = InCheck;
			sourceTree = "<group>";
		};
		D899D67A1F12C66A00CF19A5 /* Views */ = {
			isa = PBXGroup;
			children = (
				D899D67B1F12C6C600CF19A5 /* ICLoginViewController.xib */,
				D8CC6A691F15A2B40082EE7A /* ICSignUpViewController.xib */,
			);
			path = Views;
			sourceTree = "<group>";
		};
		D8EC6D0A1F12BCBC00909A73 /* Resources */ = {
			isa = PBXGroup;
			children = (
				D899D67A1F12C66A00CF19A5 /* Views */,
				D87233B71F0AFAEA00B2A9B1 /* LaunchScreen.storyboard */,
				D87233B51F0AFAEA00B2A9B1 /* Assets.xcassets */,
			);
			path = Resources;
			sourceTree = "<group>";
		};
		D8EC6D0B1F12BCD800909A73 /* Controller */ = {
			isa = PBXGroup;
			children = (
				D8CC6A671F1478470082EE7A /* ICLoginViewController.swift */,
				D8CC6A6B1F15A2D10082EE7A /* ICSignUpViewController.swift */,
			);
			path = Controller;
			sourceTree = "<group>";
		};
		D8EC6D0C1F12BD0600909A73 /* Code */ = {
			isa = PBXGroup;
			children = (
				D8EC6D0F1F12BD7D00909A73 /* Controls */,
				D8EC6D0E1F12BD5A00909A73 /* Managers */,
				D8EC6D0D1F12BD2A00909A73 /* Models */,
				D8EC6D0B1F12BCD800909A73 /* Controller */,
				D87233AB1F0AFAEA00B2A9B1 /* AppDelegate.swift */,
			);
			path = Code;
			sourceTree = "<group>";
		};
		D8EC6D0D1F12BD2A00909A73 /* Models */ = {
			isa = PBXGroup;
			children = (
				D8EE10011F27072900144C26 /* ICLoginRealmModel.swift */,
				D8EE10031F270A6200144C26 /* ICRegisterRealmModel.swift */,
			);
			path = Models;
			sourceTree = "<group>";
		};
		D8EC6D0E1F12BD5A00909A73 /* Managers */ = {
			isa = PBXGroup;
			children = (
			);
			path = Managers;
			sourceTree = "<group>";
		};
		D8EC6D0F1F12BD7D00909A73 /* Controls */ = {
			isa = PBXGroup;
			children = (
			);
			path = Controls;
			sourceTree = "<group>";
		};
		D8EC6D101F12BDC400909A73 /* Support */ = {
			isa = PBXGroup;
			children = (
				D899D67D1F12CEDE00CF19A5 /* InCheck.entitlements */,
				D87233BA1F0AFAEA00B2A9B1 /* Info.plist */,
				D87233B21F0AFAEA00B2A9B1 /* InCheck.xcdatamodeld */,
			);
			path = Support;
			sourceTree = "<group>";
		};
		F96392F6DF9CFFB48B3EBBDC /* Pods */ = {
			isa = PBXGroup;
			children = (
				59D37DEB9F10A3B24463CEB9 /* Pods-InCheck.debug.xcconfig */,
				074D2AF51F415B9D09C17A52 /* Pods-InCheck.release.xcconfig */,
			);
			name = Pods;
			sourceTree = "<group>";
		};
/* End PBXGroup section */

/* Begin PBXNativeTarget section */
		D87233A71F0AFAEA00B2A9B1 /* InCheck */ = {
			isa = PBXNativeTarget;
			buildConfigurationList = D87233BD1F0AFAEA00B2A9B1 /* Build configuration list for PBXNativeTarget "InCheck" */;
			buildPhases = (
				0F77D82F82561AB0A4BD6EF4 /* [CP] Check Pods Manifest.lock */,
				D87233A41F0AFAEA00B2A9B1 /* Sources */,
				D87233A51F0AFAEA00B2A9B1 /* Frameworks */,
				D87233A61F0AFAEA00B2A9B1 /* Resources */,
				A7FF5DBB4A3F6741A2F20CD2 /* [CP] Embed Pods Frameworks */,
				186B920D54FDEFBEB5A1674E /* [CP] Copy Pods Resources */,
			);
			buildRules = (
			);
			dependencies = (
			);
			name = InCheck;
			productName = InCheck;
			productReference = D87233A81F0AFAEA00B2A9B1 /* InCheck.app */;
			productType = "com.apple.product-type.application";
		};
/* End PBXNativeTarget section */

/* Begin PBXProject section */
		D87233A01F0AFAEA00B2A9B1 /* Project object */ = {
			isa = PBXProject;
			attributes = {
				LastSwiftUpdateCheck = 0900;
				LastUpgradeCheck = 0900;
				ORGANIZATIONNAME = "Aditya Maru";
				TargetAttributes = {
					D87233A71F0AFAEA00B2A9B1 = {
						CreatedOnToolsVersion = 9.0;
						SystemCapabilities = {
							com.apple.Keychain = {
								enabled = 1;
							};
						};
					};
				};
			};
			buildConfigurationList = D87233A31F0AFAEA00B2A9B1 /* Build configuration list for PBXProject "InCheck" */;
			compatibilityVersion = "Xcode 8.0";
			developmentRegion = en;
			hasScannedForEncodings = 0;
			knownRegions = (
				en,
				Base,
			);
			mainGroup = D872339F1F0AFAEA00B2A9B1;
			productRefGroup = D87233A91F0AFAEA00B2A9B1 /* Products */;
			projectDirPath = "";
			projectRoot = "";
			targets = (
				D87233A71F0AFAEA00B2A9B1 /* InCheck */,
			);
		};
/* End PBXProject section */

/* Begin PBXResourcesBuildPhase section */
		D87233A61F0AFAEA00B2A9B1 /* Resources */ = {
			isa = PBXResourcesBuildPhase;
			buildActionMask = 2147483647;
			files = (
				D8CC6A6A1F15A2B40082EE7A /* ICSignUpViewController.xib in Resources */,
				D87233B91F0AFAEA00B2A9B1 /* LaunchScreen.storyboard in Resources */,
				D899D67C1F12C6C600CF19A5 /* ICLoginViewController.xib in Resources */,
				D87233B61F0AFAEA00B2A9B1 /* Assets.xcassets in Resources */,
			);
			runOnlyForDeploymentPostprocessing = 0;
		};
/* End PBXResourcesBuildPhase section */

/* Begin PBXShellScriptBuildPhase section */
		0F77D82F82561AB0A4BD6EF4 /* [CP] Check Pods Manifest.lock */ = {
			isa = PBXShellScriptBuildPhase;
			buildActionMask = 2147483647;
			files = (
			);
			inputPaths = (
			);
			name = "[CP] Check Pods Manifest.lock";
			outputPaths = (
			);
			runOnlyForDeploymentPostprocessing = 0;
			shellPath = /bin/sh;
			shellScript = "diff \"${PODS_ROOT}/../Podfile.lock\" \"${PODS_ROOT}/Manifest.lock\" > /dev/null\nif [[ $? != 0 ]] ; then\n    cat << EOM\nerror: The sandbox is not in sync with the Podfile.lock. Run 'pod install' or update your CocoaPods installation.\nEOM\n    exit 1\nfi\n";
			showEnvVarsInLog = 0;
		};
		186B920D54FDEFBEB5A1674E /* [CP] Copy Pods Resources */ = {
			isa = PBXShellScriptBuildPhase;
			buildActionMask = 2147483647;
			files = (
			);
			inputPaths = (
			);
			name = "[CP] Copy Pods Resources";
			outputPaths = (
			);
			runOnlyForDeploymentPostprocessing = 0;
			shellPath = /bin/sh;
			shellScript = "\"${SRCROOT}/Pods/Target Support Files/Pods-InCheck/Pods-InCheck-resources.sh\"\n";
			showEnvVarsInLog = 0;
		};
		A7FF5DBB4A3F6741A2F20CD2 /* [CP] Embed Pods Frameworks */ = {
			isa = PBXShellScriptBuildPhase;
			buildActionMask = 2147483647;
			files = (
			);
			inputPaths = (
			);
			name = "[CP] Embed Pods Frameworks";
			outputPaths = (
			);
			runOnlyForDeploymentPostprocessing = 0;
			shellPath = /bin/sh;
			shellScript = "\"${SRCROOT}/Pods/Target Support Files/Pods-InCheck/Pods-InCheck-frameworks.sh\"\n";
			showEnvVarsInLog = 0;
		};
/* End PBXShellScriptBuildPhase section */

/* Begin PBXSourcesBuildPhase section */
		D87233A41F0AFAEA00B2A9B1 /* Sources */ = {
			isa = PBXSourcesBuildPhase;
			buildActionMask = 2147483647;
			files = (
				D8EE10021F27072900144C26 /* ICLoginRealmModel.swift in Sources */,
				D8CC6A6C1F15A2D10082EE7A /* ICSignUpViewController.swift in Sources */,
				D87233AC1F0AFAEA00B2A9B1 /* AppDelegate.swift in Sources */,
				D8CC6A681F1478470082EE7A /* ICLoginViewController.swift in Sources */,
				D8EE10041F270A6200144C26 /* ICRegisterRealmModel.swift in Sources */,
				D87233B41F0AFAEA00B2A9B1 /* InCheck.xcdatamodeld in Sources */,
			);
			runOnlyForDeploymentPostprocessing = 0;
		};
/* End PBXSourcesBuildPhase section */

/* Begin PBXVariantGroup section */
		D87233B71F0AFAEA00B2A9B1 /* LaunchScreen.storyboard */ = {
			isa = PBXVariantGroup;
			children = (
				D87233B81F0AFAEA00B2A9B1 /* Base */,
			);
			name = LaunchScreen.storyboard;
			sourceTree = "<group>";
		};
/* End PBXVariantGroup section */

/* Begin XCBuildConfiguration section */
		D87233BB1F0AFAEA00B2A9B1 /* Debug */ = {
			isa = XCBuildConfiguration;
			buildSettings = {
				ALWAYS_SEARCH_USER_PATHS = NO;
				CLANG_ANALYZER_NONNULL = YES;
				CLANG_ANALYZER_NUMBER_OBJECT_CONVERSION = YES_AGGRESSIVE;
				CLANG_CXX_LANGUAGE_STANDARD = "gnu++14";
				CLANG_CXX_LIBRARY = "libc++";
				CLANG_ENABLE_MODULES = YES;
				CLANG_ENABLE_OBJC_ARC = YES;
				CLANG_WARN_BLOCK_CAPTURE_AUTORELEASING = YES;
				CLANG_WARN_BOOL_CONVERSION = YES;
				CLANG_WARN_COMMA = YES;
				CLANG_WARN_CONSTANT_CONVERSION = YES;
				CLANG_WARN_DIRECT_OBJC_ISA_USAGE = YES_ERROR;
				CLANG_WARN_DOCUMENTATION_COMMENTS = YES;
				CLANG_WARN_EMPTY_BODY = YES;
				CLANG_WARN_ENUM_CONVERSION = YES;
				CLANG_WARN_INFINITE_RECURSION = YES;
				CLANG_WARN_INT_CONVERSION = YES;
				CLANG_WARN_OBJC_ROOT_CLASS = YES_ERROR;
				CLANG_WARN_RANGE_LOOP_ANALYSIS = YES;
				CLANG_WARN_STRICT_PROTOTYPES = YES;
				CLANG_WARN_SUSPICIOUS_MOVE = YES;
				CLANG_WARN_UNGUARDED_AVAILABILITY = YES_AGGRESSIVE;
				CLANG_WARN_UNREACHABLE_CODE = YES;
				CLANG_WARN__DUPLICATE_METHOD_MATCH = YES;
				CODE_SIGN_IDENTITY = "iPhone Developer";
				COPY_PHASE_STRIP = NO;
				DEBUG_INFORMATION_FORMAT = dwarf;
				ENABLE_STRICT_OBJC_MSGSEND = YES;
				ENABLE_TESTABILITY = YES;
				GCC_C_LANGUAGE_STANDARD = gnu11;
				GCC_DYNAMIC_NO_PIC = NO;
				GCC_NO_COMMON_BLOCKS = YES;
				GCC_OPTIMIZATION_LEVEL = 0;
				GCC_PREPROCESSOR_DEFINITIONS = (
					"DEBUG=1",
					"$(inherited)",
				);
				GCC_WARN_64_TO_32_BIT_CONVERSION = YES;
				GCC_WARN_ABOUT_RETURN_TYPE = YES_ERROR;
				GCC_WARN_UNDECLARED_SELECTOR = YES;
				GCC_WARN_UNINITIALIZED_AUTOS = YES_AGGRESSIVE;
				GCC_WARN_UNUSED_FUNCTION = YES;
				GCC_WARN_UNUSED_VARIABLE = YES;
				IPHONEOS_DEPLOYMENT_TARGET = 8.0;
				MTL_ENABLE_DEBUG_INFO = YES;
				ONLY_ACTIVE_ARCH = YES;
				SDKROOT = iphoneos;
				SWIFT_ACTIVE_COMPILATION_CONDITIONS = DEBUG;
				SWIFT_OPTIMIZATION_LEVEL = "-Onone";
			};
			name = Debug;
		};
		D87233BC1F0AFAEA00B2A9B1 /* Release */ = {
			isa = XCBuildConfiguration;
			buildSettings = {
				ALWAYS_SEARCH_USER_PATHS = NO;
				CLANG_ANALYZER_NONNULL = YES;
				CLANG_ANALYZER_NUMBER_OBJECT_CONVERSION = YES_AGGRESSIVE;
				CLANG_CXX_LANGUAGE_STANDARD = "gnu++14";
				CLANG_CXX_LIBRARY = "libc++";
				CLANG_ENABLE_MODULES = YES;
				CLANG_ENABLE_OBJC_ARC = YES;
				CLANG_WARN_BLOCK_CAPTURE_AUTORELEASING = YES;
				CLANG_WARN_BOOL_CONVERSION = YES;
				CLANG_WARN_COMMA = YES;
				CLANG_WARN_CONSTANT_CONVERSION = YES;
				CLANG_WARN_DIRECT_OBJC_ISA_USAGE = YES_ERROR;
				CLANG_WARN_DOCUMENTATION_COMMENTS = YES;
				CLANG_WARN_EMPTY_BODY = YES;
				CLANG_WARN_ENUM_CONVERSION = YES;
				CLANG_WARN_INFINITE_RECURSION = YES;
				CLANG_WARN_INT_CONVERSION = YES;
				CLANG_WARN_OBJC_ROOT_CLASS = YES_ERROR;
				CLANG_WARN_RANGE_LOOP_ANALYSIS = YES;
				CLANG_WARN_STRICT_PROTOTYPES = YES;
				CLANG_WARN_SUSPICIOUS_MOVE = YES;
				CLANG_WARN_UNGUARDED_AVAILABILITY = YES_AGGRESSIVE;
				CLANG_WARN_UNREACHABLE_CODE = YES;
				CLANG_WARN__DUPLICATE_METHOD_MATCH = YES;
				CODE_SIGN_IDENTITY = "iPhone Developer";
				COPY_PHASE_STRIP = NO;
				DEBUG_INFORMATION_FORMAT = "dwarf-with-dsym";
				ENABLE_NS_ASSERTIONS = NO;
				ENABLE_STRICT_OBJC_MSGSEND = YES;
				GCC_C_LANGUAGE_STANDARD = gnu11;
				GCC_NO_COMMON_BLOCKS = YES;
				GCC_WARN_64_TO_32_BIT_CONVERSION = YES;
				GCC_WARN_ABOUT_RETURN_TYPE = YES_ERROR;
				GCC_WARN_UNDECLARED_SELECTOR = YES;
				GCC_WARN_UNINITIALIZED_AUTOS = YES_AGGRESSIVE;
				GCC_WARN_UNUSED_FUNCTION = YES;
				GCC_WARN_UNUSED_VARIABLE = YES;
				IPHONEOS_DEPLOYMENT_TARGET = 8.0;
				MTL_ENABLE_DEBUG_INFO = NO;
				SDKROOT = iphoneos;
				SWIFT_OPTIMIZATION_LEVEL = "-Owholemodule";
				VALIDATE_PRODUCT = YES;
			};
			name = Release;
		};
		D87233BE1F0AFAEA00B2A9B1 /* Debug */ = {
			isa = XCBuildConfiguration;
			baseConfigurationReference = 59D37DEB9F10A3B24463CEB9 /* Pods-InCheck.debug.xcconfig */;
			buildSettings = {
				ASSETCATALOG_COMPILER_APPICON_NAME = AppIcon;
				CODE_SIGN_ENTITLEMENTS = InCheck/Support/InCheck.entitlements;
				DEVELOPMENT_TEAM = EEL7HA3WWW;
				INFOPLIST_FILE = "$(SRCROOT)/InCheck/Support/Info.plist";
				IPHONEOS_DEPLOYMENT_TARGET = 9.0;
				LD_RUNPATH_SEARCH_PATHS = "$(inherited) @executable_path/Frameworks";
				PRODUCT_BUNDLE_IDENTIFIER = com.adityamaru.InCheck;
				PRODUCT_NAME = "$(TARGET_NAME)";
				SWIFT_VERSION = 3.0;
				TARGETED_DEVICE_FAMILY = "1,2";
			};
			name = Debug;
		};
		D87233BF1F0AFAEA00B2A9B1 /* Release */ = {
			isa = XCBuildConfiguration;
			baseConfigurationReference = 074D2AF51F415B9D09C17A52 /* Pods-InCheck.release.xcconfig */;
			buildSettings = {
				ASSETCATALOG_COMPILER_APPICON_NAME = AppIcon;
				CODE_SIGN_ENTITLEMENTS = InCheck/Support/InCheck.entitlements;
				DEVELOPMENT_TEAM = EEL7HA3WWW;
				INFOPLIST_FILE = "$(SRCROOT)/InCheck/Support/Info.plist";
				IPHONEOS_DEPLOYMENT_TARGET = 9.0;
				LD_RUNPATH_SEARCH_PATHS = "$(inherited) @executable_path/Frameworks";
				PRODUCT_BUNDLE_IDENTIFIER = com.adityamaru.InCheck;
				PRODUCT_NAME = "$(TARGET_NAME)";
				SWIFT_VERSION = 3.0;
				TARGETED_DEVICE_FAMILY = "1,2";
			};
			name = Release;
		};
/* End XCBuildConfiguration section */

/* Begin XCConfigurationList section */
		D87233A31F0AFAEA00B2A9B1 /* Build configuration list for PBXProject "InCheck" */ = {
			isa = XCConfigurationList;
			buildConfigurations = (
				D87233BB1F0AFAEA00B2A9B1 /* Debug */,
				D87233BC1F0AFAEA00B2A9B1 /* Release */,
			);
			defaultConfigurationIsVisible = 0;
			defaultConfigurationName = Release;
		};
		D87233BD1F0AFAEA00B2A9B1 /* Build configuration list for PBXNativeTarget "InCheck" */ = {
			isa = XCConfigurationList;
			buildConfigurations = (
				D87233BE1F0AFAEA00B2A9B1 /* Debug */,
				D87233BF1F0AFAEA00B2A9B1 /* Release */,
			);
			defaultConfigurationIsVisible = 0;
			defaultConfigurationName = Release;
		};
/* End XCConfigurationList section */

/* Begin XCVersionGroup section */
		D87233B21F0AFAEA00B2A9B1 /* InCheck.xcdatamodeld */ = {
			isa = XCVersionGroup;
			children = (
				D87233B31F0AFAEA00B2A9B1 /* InCheck.xcdatamodel */,
			);
			currentVersion = D87233B31F0AFAEA00B2A9B1 /* InCheck.xcdatamodel */;
			path = InCheck.xcdatamodeld;
			sourceTree = "<group>";
			versionGroupType = wrapper.xcdatamodel;
		};
/* End XCVersionGroup section */
	};
	rootObject = D87233A01F0AFAEA00B2A9B1 /* Project object */;
}
